
Microsoft Visual Studio Solution File, Format Version 12.00
# Visual Studio 15
VisualStudioVersion = 15.0.27130.2036
MinimumVisualStudioVersion = 10.0.40219.1
Project("{FAE04EC0-301F-11D3-BF4B-00C04F79EFBC}") = "Lab6", "Lab5\Lab6.csproj", "{FAB41E44-D9B2-4E7E-8650-612F59D5D01E}"
EndProject
Global
	GlobalSection(SolutionConfigurationPlatforms) = preSolution
		Debug|Any CPU = Debug|Any CPU
		Release|Any CPU = Release|Any CPU
	EndGlobalSection
	GlobalSection(ProjectConfigurationPlatforms) = postSolution
		{FAB41E44-D9B2-4E7E-8650-612F59D5D01E}.Debug|Any CPU.ActiveCfg = Debug|Any CPU
		{FAB41E44-D9B2-4E7E-8650-612F59D5D01E}.Debug|Any CPU.Build.0 = Debug|Any CPU
		{FAB41E44-D9B2-4E7E-8650-612F59D5D01E}.Release|Any CPU.ActiveCfg = Release|Any CPU
		{FAB41E44-D9B2-4E7E-8650-612F59D5D01E}.Release|Any CPU.Build.0 = Release|Any CPU
	EndGlobalSection
	GlobalSection(SolutionProperties) = preSolution
		HideSolutionNode = FALSE
	EndGlobalSection
	GlobalSection(ExtensibilityGlobals) = postSolution
		SolutionGuid = {4CC29AD2-3910-44FE-9864-06A45A65AF5E}
	EndGlobalSection
EndGlobal
