
Microsoft Visual Studio Solution File, Format Version 12.00
# Visual Studio Version 16
VisualStudioVersion = 16.0.29201.188
MinimumVisualStudioVersion = 10.0.40219.1
Project("{FAE04EC0-301F-11D3-BF4B-00C04F79EFBC}") = "WPFLab2", "WPFLab2.csproj", "{12BE5C83-CC39-4993-9D22-C10A4E693603}"
EndProject
Global
	GlobalSection(SolutionConfigurationPlatforms) = preSolution
		Debug|Any CPU = Debug|Any CPU
		Release|Any CPU = Release|Any CPU
	EndGlobalSection
	GlobalSection(ProjectConfigurationPlatforms) = postSolution
		{12BE5C83-CC39-4993-9D22-C10A4E693603}.Debug|Any CPU.ActiveCfg = Debug|Any CPU
		{12BE5C83-CC39-4993-9D22-C10A4E693603}.Debug|Any CPU.Build.0 = Debug|Any CPU
		{12BE5C83-CC39-4993-9D22-C10A4E693603}.Release|Any CPU.ActiveCfg = Release|Any CPU
		{12BE5C83-CC39-4993-9D22-C10A4E693603}.Release|Any CPU.Build.0 = Release|Any CPU
	EndGlobalSection
	GlobalSection(SolutionProperties) = preSolution
		HideSolutionNode = FALSE
	EndGlobalSection
	GlobalSection(ExtensibilityGlobals) = postSolution
		SolutionGuid = {108DBFE9-8479-4920-B66E-16117032276D}
	EndGlobalSection
EndGlobal
